
Microsoft Visual Studio Solution File, Format Version 12.00
# Visual Studio Version 17
VisualStudioVersion = 17.11.35219.272
MinimumVisualStudioVersion = 10.0.40219.1
Project("{FAE04EC0-301F-11D3-BF4B-00C04F79EFBC}") = "Business_Layer", "Business_Layer\Business_Layer.csproj", "{2761D42B-7EBA-409C-87B9-E5E786174E78}"
EndProject
Project("{FAE04EC0-301F-11D3-BF4B-00C04F79EFBC}") = "Data_Layer", "Data_Layer\Data_Layer.csproj", "{BB13524C-295E-4AD8-B005-A55442030B0C}"
EndProject
Project("{FAE04EC0-301F-11D3-BF4B-00C04F79EFBC}") = "Data_Transfer_Object", "Transfer_Object\Data_Transfer_Object.csproj", "{2787703A-C23B-46CF-98DA-3A4D0C74BB98}"
EndProject
Project("{FAE04EC0-301F-11D3-BF4B-00C04F79EFBC}") = "Presentation_Layer", "Presentation_Layer\Presentation_Layer.csproj", "{FAA49309-E579-4905-BAB0-E445A8A8BF93}"
EndProject
Global
	GlobalSection(SolutionConfigurationPlatforms) = preSolution
		Debug|Any CPU = Debug|Any CPU
		Release|Any CPU = Release|Any CPU
	EndGlobalSection
	GlobalSection(ProjectConfigurationPlatforms) = postSolution
		{2761D42B-7EBA-409C-87B9-E5E786174E78}.Debug|Any CPU.ActiveCfg = Debug|Any CPU
		{2761D42B-7EBA-409C-87B9-E5E786174E78}.Debug|Any CPU.Build.0 = Debug|Any CPU
		{2761D42B-7EBA-409C-87B9-E5E786174E78}.Release|Any CPU.ActiveCfg = Release|Any CPU
		{2761D42B-7EBA-409C-87B9-E5E786174E78}.Release|Any CPU.Build.0 = Release|Any CPU
		{BB13524C-295E-4AD8-B005-A55442030B0C}.Debug|Any CPU.ActiveCfg = Debug|Any CPU
		{BB13524C-295E-4AD8-B005-A55442030B0C}.Debug|Any CPU.Build.0 = Debug|Any CPU
		{BB13524C-295E-4AD8-B005-A55442030B0C}.Release|Any CPU.ActiveCfg = Release|Any CPU
		{BB13524C-295E-4AD8-B005-A55442030B0C}.Release|Any CPU.Build.0 = Release|Any CPU
		{2787703A-C23B-46CF-98DA-3A4D0C74BB98}.Debug|Any CPU.ActiveCfg = Debug|Any CPU
		{2787703A-C23B-46CF-98DA-3A4D0C74BB98}.Debug|Any CPU.Build.0 = Debug|Any CPU
		{2787703A-C23B-46CF-98DA-3A4D0C74BB98}.Release|Any CPU.ActiveCfg = Release|Any CPU
		{2787703A-C23B-46CF-98DA-3A4D0C74BB98}.Release|Any CPU.Build.0 = Release|Any CPU
		{FAA49309-E579-4905-BAB0-E445A8A8BF93}.Debug|Any CPU.ActiveCfg = Debug|Any CPU
		{FAA49309-E579-4905-BAB0-E445A8A8BF93}.Debug|Any CPU.Build.0 = Debug|Any CPU
		{FAA49309-E579-4905-BAB0-E445A8A8BF93}.Release|Any CPU.ActiveCfg = Release|Any CPU
		{FAA49309-E579-4905-BAB0-E445A8A8BF93}.Release|Any CPU.Build.0 = Release|Any CPU
	EndGlobalSection
	GlobalSection(SolutionProperties) = preSolution
		HideSolutionNode = FALSE
	EndGlobalSection
	GlobalSection(ExtensibilityGlobals) = postSolution
		SolutionGuid = {F9E73567-9E36-4A16-9921-D9B182D5E01B}
	EndGlobalSection
EndGlobal
