
Microsoft Visual Studio Solution File, Format Version 12.00
# Visual Studio Version 17
VisualStudioVersion = 17.11.35219.272
MinimumVisualStudioVersion = 10.0.40219.1
Project("{FAE04EC0-301F-11D3-BF4B-00C04F79EFBC}") = "HotelManagementApp", "HotelManagementApp\HotelManagementApp.csproj", "{FAA49309-E579-4905-BAB0-E445A8A8BF93}"
EndProject
Global
	GlobalSection(SolutionConfigurationPlatforms) = preSolution
		Debug|Any CPU = Debug|Any CPU
		Release|Any CPU = Release|Any CPU
	EndGlobalSection
	GlobalSection(ProjectConfigurationPlatforms) = postSolution
		{FAA49309-E579-4905-BAB0-E445A8A8BF93}.Debug|Any CPU.ActiveCfg = Debug|Any CPU
		{FAA49309-E579-4905-BAB0-E445A8A8BF93}.Debug|Any CPU.Build.0 = Debug|Any CPU
		{FAA49309-E579-4905-BAB0-E445A8A8BF93}.Release|Any CPU.ActiveCfg = Release|Any CPU
		{FAA49309-E579-4905-BAB0-E445A8A8BF93}.Release|Any CPU.Build.0 = Release|Any CPU
	EndGlobalSection
	GlobalSection(SolutionProperties) = preSolution
		HideSolutionNode = FALSE
	EndGlobalSection
	GlobalSection(ExtensibilityGlobals) = postSolution
		SolutionGuid = {F9E73567-9E36-4A16-9921-D9B182D5E01B}
	EndGlobalSection
EndGlobal
